<?xml version="1.0" encoding="utf-8"?>
<Project ToolsVersion="17.0" xmlns="http://schemas.microsoft.com/developer/msbuild/2003">
  <ItemGroup>
    <ClCompile Include="C:\Users\danie\prg\cpp\pj\joy2key\di8joy\di8joy_impl.cpp">
      <Filter>Source Files</Filter>
    </ClCompile>
    <ClCompile Include="C:\Users\danie\prg\cpp\pj\joy2key\di8joy\di8joy_mngr.cpp">
      <Filter>Source Files</Filter>
    </ClCompile>
    <ClCompile Include="C:\Users\danie\prg\cpp\pj\joy2key\di8joy\di8joy.cpp">
      <Filter>Source Files</Filter>
    </ClCompile>
  </ItemGroup>
  <ItemGroup>
    <ClInclude Include="C:\Users\danie\prg\cpp\pj\joy2key\di8joy\di8joy_impl.hpp">
      <Filter>Header Files</Filter>
    </ClInclude>
    <ClInclude Include="C:\Users\danie\prg\cpp\pj\joy2key\di8joy\di8joy_mngr.hpp">
      <Filter>Header Files</Filter>
    </ClInclude>
    <ClInclude Include="C:\Users\danie\prg\cpp\pj\joy2key\di8joy\di8joy.hpp">
      <Filter>Header Files</Filter>
    </ClInclude>
  </ItemGroup>
  <ItemGroup>
    <CustomBuild Include="C:\Users\danie\prg\cpp\pj\joy2key\di8joy\CMakeLists.txt" />
  </ItemGroup>
  <ItemGroup>
    <Filter Include="Header Files">
      <UniqueIdentifier>{AC6DE99D-4AC2-3F8F-9E9A-BDC65483BB8A}</UniqueIdentifier>
    </Filter>
    <Filter Include="Source Files">
      <UniqueIdentifier>{25B839B8-8E29-3F55-85EC-CA2D6F0A1C88}</UniqueIdentifier>
    </Filter>
  </ItemGroup>
</Project>
